
Microsoft Visual Studio Solution File, Format Version 12.00
# Visual Studio Version 16
VisualStudioVersion = 16.0.32413.511
MinimumVisualStudioVersion = 10.0.40219.1
Project("{FAE04EC0-301F-11D3-BF4B-00C04F79EFBC}") = "Lab03", "Lab03\Lab03.csproj", "{076B8D10-3720-43A5-A797-B4D1057C7781}"
EndProject
Global
	GlobalSection(SolutionConfigurationPlatforms) = preSolution
		Debug|Any CPU = Debug|Any CPU
		Release|Any CPU = Release|Any CPU
	EndGlobalSection
	GlobalSection(ProjectConfigurationPlatforms) = postSolution
		{076B8D10-3720-43A5-A797-B4D1057C7781}.Debug|Any CPU.ActiveCfg = Debug|Any CPU
		{076B8D10-3720-43A5-A797-B4D1057C7781}.Debug|Any CPU.Build.0 = Debug|Any CPU
		{076B8D10-3720-43A5-A797-B4D1057C7781}.Release|Any CPU.ActiveCfg = Release|Any CPU
		{076B8D10-3720-43A5-A797-B4D1057C7781}.Release|Any CPU.Build.0 = Release|Any CPU
	EndGlobalSection
	GlobalSection(SolutionProperties) = preSolution
		HideSolutionNode = FALSE
	EndGlobalSection
	GlobalSection(ExtensibilityGlobals) = postSolution
		SolutionGuid = {14C87A15-A138-4078-B22A-745933E40D23}
	EndGlobalSection
EndGlobal
